
Microsoft Visual Studio Solution File, Format Version 12.00
# Visual Studio Version 16
VisualStudioVersion = 16.0.32002.261
MinimumVisualStudioVersion = 10.0.40219.1
Project("{FAE04EC0-301F-11D3-BF4B-00C04F79EFBC}") = "WebApiWithDynamoDB", "WebApiWithDynamoDB.csproj", "{D3323B9C-D646-457B-9A1A-59149C3061F7}"
EndProject
Global
	GlobalSection(SolutionConfigurationPlatforms) = preSolution
		Debug|Any CPU = Debug|Any CPU
		Release|Any CPU = Release|Any CPU
	EndGlobalSection
	GlobalSection(ProjectConfigurationPlatforms) = postSolution
		{D3323B9C-D646-457B-9A1A-59149C3061F7}.Debug|Any CPU.ActiveCfg = Debug|Any CPU
		{D3323B9C-D646-457B-9A1A-59149C3061F7}.Debug|Any CPU.Build.0 = Debug|Any CPU
		{D3323B9C-D646-457B-9A1A-59149C3061F7}.Release|Any CPU.ActiveCfg = Release|Any CPU
		{D3323B9C-D646-457B-9A1A-59149C3061F7}.Release|Any CPU.Build.0 = Release|Any CPU
	EndGlobalSection
	GlobalSection(SolutionProperties) = preSolution
		HideSolutionNode = FALSE
	EndGlobalSection
	GlobalSection(ExtensibilityGlobals) = postSolution
		SolutionGuid = {788D793E-4AA1-4D99-81AD-F8F7A5AB3ECE}
	EndGlobalSection
EndGlobal
